
Microsoft Visual Studio Solution File, Format Version 12.00
# Visual Studio Version 17
VisualStudioVersion = 17.0.31903.59
MinimumVisualStudioVersion = 10.0.40219.1
Project("{9A19103F-16F7-4668-BE54-9A1E7A4F7556}") = "MainPerf", "MainPerf\MainPerf.csproj", "{EA4F6B5B-037E-4A7D-A61E-9E26BD102986}"
EndProject
Global
	GlobalSection(SolutionConfigurationPlatforms) = preSolution
		Debug|Any CPU = Debug|Any CPU
		Release|Any CPU = Release|Any CPU
	EndGlobalSection
	GlobalSection(ProjectConfigurationPlatforms) = postSolution
		{EA4F6B5B-037E-4A7D-A61E-9E26BD102986}.Debug|Any CPU.ActiveCfg = Debug|Any CPU
		{EA4F6B5B-037E-4A7D-A61E-9E26BD102986}.Debug|Any CPU.Build.0 = Debug|Any CPU
		{EA4F6B5B-037E-4A7D-A61E-9E26BD102986}.Release|Any CPU.ActiveCfg = Release|Any CPU
		{EA4F6B5B-037E-4A7D-A61E-9E26BD102986}.Release|Any CPU.Build.0 = Release|Any CPU
	EndGlobalSection
	GlobalSection(SolutionProperties) = preSolution
		HideSolutionNode = FALSE
	EndGlobalSection
	GlobalSection(ExtensibilityGlobals) = postSolution
		SolutionGuid = {BD5CEEC9-1148-4C4A-80EE-33F0BD35ABB3}
	EndGlobalSection
EndGlobal
